
Microsoft Visual Studio Solution File, Format Version 12.00
# Visual Studio 14
VisualStudioVersion = 14.0.24720.0
MinimumVisualStudioVersion = 10.0.40219.1
Project("{FAE04EC0-301F-11D3-BF4B-00C04F79EFBC}") = "aXon", "aXon\aXon.csproj", "{B58E5B14-86E2-4AF0-9358-3FFDCBDC634A}"
EndProject
Project("{FAE04EC0-301F-11D3-BF4B-00C04F79EFBC}") = "aXon.TaskTransport", "aXon.TaskTransport\aXon.TaskTransport.csproj", "{8CB651B0-1CE1-41AB-A1EA-B1B490FCA135}"
EndProject
Project("{FAE04EC0-301F-11D3-BF4B-00C04F79EFBC}") = "aXon.Worker", "aXon.Worker\aXon.Worker.csproj", "{11267F83-8BA8-4157-B347-7BFDB28860F0}"
EndProject
Project("{FAE04EC0-301F-11D3-BF4B-00C04F79EFBC}") = "aXon.Models", "aXon.Models\aXon.Models.csproj", "{1F1E12F9-9482-4CDD-8299-CDFD48209182}"
EndProject
Project("{FAE04EC0-301F-11D3-BF4B-00C04F79EFBC}") = "aXon.Rover", "aXon.Rover\aXon.Rover.csproj", "{750BF9CE-9F98-489C-BF9E-98854839CC1C}"
EndProject
Project("{2150E333-8FDC-42A3-9474-1A3956D46DE8}") = ".nuget", ".nuget", "{AD8D57AB-4C18-45F5-8E4D-38288C21725B}"
	ProjectSection(SolutionItems) = preProject
		.nuget\NuGet.Config = .nuget\NuGet.Config
		.nuget\NuGet.exe = .nuget\NuGet.exe
		.nuget\NuGet.targets = .nuget\NuGet.targets
	EndProjectSection
EndProject
Project("{FAE04EC0-301F-11D3-BF4B-00C04F79EFBC}") = "aXonService", "aXonService\aXonService.csproj", "{2E3136C1-CE1A-45CF-9D08-9648733C227E}"
EndProject
Project("{FAE04EC0-301F-11D3-BF4B-00C04F79EFBC}") = "aXon.Warehouse", "aXon.Warehouse\aXon.Warehouse.csproj", "{D907BD96-EAFD-481A-AB3C-5751CBE20FA3}"
EndProject
Project("{FAE04EC0-301F-11D3-BF4B-00C04F79EFBC}") = "aXon.RX02.ControlServer", "aXon.RX02.ControlServer\aXon.RX02.ControlServer.csproj", "{341EA97F-1FD7-4D16-BD83-9D1C871263F3}"
EndProject
Project("{2150E333-8FDC-42A3-9474-1A3956D46DE8}") = "aXon Super Computing Workers", "aXon Super Computing Workers", "{ED514989-D635-42FA-9DD6-9CF7194F96E9}"
EndProject
Project("{2150E333-8FDC-42A3-9474-1A3956D46DE8}") = "aXon Robotics", "aXon Robotics", "{EE6221E1-32D6-4FA0-A991-4EE4D2C4F2DE}"
EndProject
Project("{2150E333-8FDC-42A3-9474-1A3956D46DE8}") = "aXon Ignite Software", "aXon Ignite Software", "{D1624350-829E-4712-9C0C-1E218878D185}"
EndProject
Project("{FAE04EC0-301F-11D3-BF4B-00C04F79EFBC}") = "aXon.Desktop", "aXon.Desktop\aXon.Desktop.csproj", "{E99356C6-C7EA-4C86-829D-F6FFDB0240A5}"
EndProject
Global
	GlobalSection(SolutionConfigurationPlatforms) = preSolution
		Debug|Any CPU = Debug|Any CPU
		Debug|Mixed Platforms = Debug|Mixed Platforms
		Debug|x86 = Debug|x86
		Release|Any CPU = Release|Any CPU
		Release|Mixed Platforms = Release|Mixed Platforms
		Release|x86 = Release|x86
	EndGlobalSection
	GlobalSection(ProjectConfigurationPlatforms) = postSolution
		{B58E5B14-86E2-4AF0-9358-3FFDCBDC634A}.Debug|Any CPU.ActiveCfg = Debug|x86
		{B58E5B14-86E2-4AF0-9358-3FFDCBDC634A}.Debug|Mixed Platforms.ActiveCfg = Debug|x86
		{B58E5B14-86E2-4AF0-9358-3FFDCBDC634A}.Debug|Mixed Platforms.Build.0 = Debug|x86
		{B58E5B14-86E2-4AF0-9358-3FFDCBDC634A}.Debug|x86.ActiveCfg = Debug|x86
		{B58E5B14-86E2-4AF0-9358-3FFDCBDC634A}.Debug|x86.Build.0 = Debug|x86
		{B58E5B14-86E2-4AF0-9358-3FFDCBDC634A}.Release|Any CPU.ActiveCfg = Release|x86
		{B58E5B14-86E2-4AF0-9358-3FFDCBDC634A}.Release|Mixed Platforms.ActiveCfg = Release|x86
		{B58E5B14-86E2-4AF0-9358-3FFDCBDC634A}.Release|Mixed Platforms.Build.0 = Release|x86
		{B58E5B14-86E2-4AF0-9358-3FFDCBDC634A}.Release|x86.ActiveCfg = Release|x86
		{B58E5B14-86E2-4AF0-9358-3FFDCBDC634A}.Release|x86.Build.0 = Release|x86
		{8CB651B0-1CE1-41AB-A1EA-B1B490FCA135}.Debug|Any CPU.ActiveCfg = Debug|Any CPU
		{8CB651B0-1CE1-41AB-A1EA-B1B490FCA135}.Debug|Any CPU.Build.0 = Debug|Any CPU
		{8CB651B0-1CE1-41AB-A1EA-B1B490FCA135}.Debug|Mixed Platforms.ActiveCfg = Debug|Any CPU
		{8CB651B0-1CE1-41AB-A1EA-B1B490FCA135}.Debug|Mixed Platforms.Build.0 = Debug|Any CPU
		{8CB651B0-1CE1-41AB-A1EA-B1B490FCA135}.Debug|x86.ActiveCfg = Debug|Any CPU
		{8CB651B0-1CE1-41AB-A1EA-B1B490FCA135}.Debug|x86.Build.0 = Debug|Any CPU
		{8CB651B0-1CE1-41AB-A1EA-B1B490FCA135}.Release|Any CPU.ActiveCfg = Release|Any CPU
		{8CB651B0-1CE1-41AB-A1EA-B1B490FCA135}.Release|Any CPU.Build.0 = Release|Any CPU
		{8CB651B0-1CE1-41AB-A1EA-B1B490FCA135}.Release|Mixed Platforms.ActiveCfg = Release|Any CPU
		{8CB651B0-1CE1-41AB-A1EA-B1B490FCA135}.Release|Mixed Platforms.Build.0 = Release|Any CPU
		{8CB651B0-1CE1-41AB-A1EA-B1B490FCA135}.Release|x86.ActiveCfg = Release|Any CPU
		{8CB651B0-1CE1-41AB-A1EA-B1B490FCA135}.Release|x86.Build.0 = Release|Any CPU
		{11267F83-8BA8-4157-B347-7BFDB28860F0}.Debug|Any CPU.ActiveCfg = Debug|Any CPU
		{11267F83-8BA8-4157-B347-7BFDB28860F0}.Debug|Any CPU.Build.0 = Debug|Any CPU
		{11267F83-8BA8-4157-B347-7BFDB28860F0}.Debug|Mixed Platforms.ActiveCfg = Debug|Any CPU
		{11267F83-8BA8-4157-B347-7BFDB28860F0}.Debug|Mixed Platforms.Build.0 = Debug|Any CPU
		{11267F83-8BA8-4157-B347-7BFDB28860F0}.Debug|x86.ActiveCfg = Debug|Any CPU
		{11267F83-8BA8-4157-B347-7BFDB28860F0}.Debug|x86.Build.0 = Debug|Any CPU
		{11267F83-8BA8-4157-B347-7BFDB28860F0}.Release|Any CPU.ActiveCfg = Release|Any CPU
		{11267F83-8BA8-4157-B347-7BFDB28860F0}.Release|Any CPU.Build.0 = Release|Any CPU
		{11267F83-8BA8-4157-B347-7BFDB28860F0}.Release|Mixed Platforms.ActiveCfg = Release|Any CPU
		{11267F83-8BA8-4157-B347-7BFDB28860F0}.Release|Mixed Platforms.Build.0 = Release|Any CPU
		{11267F83-8BA8-4157-B347-7BFDB28860F0}.Release|x86.ActiveCfg = Release|Any CPU
		{11267F83-8BA8-4157-B347-7BFDB28860F0}.Release|x86.Build.0 = Release|Any CPU
		{1F1E12F9-9482-4CDD-8299-CDFD48209182}.Debug|Any CPU.ActiveCfg = Debug|Any CPU
		{1F1E12F9-9482-4CDD-8299-CDFD48209182}.Debug|Any CPU.Build.0 = Debug|Any CPU
		{1F1E12F9-9482-4CDD-8299-CDFD48209182}.Debug|Mixed Platforms.ActiveCfg = Debug|Any CPU
		{1F1E12F9-9482-4CDD-8299-CDFD48209182}.Debug|Mixed Platforms.Build.0 = Debug|Any CPU
		{1F1E12F9-9482-4CDD-8299-CDFD48209182}.Debug|x86.ActiveCfg = Debug|Any CPU
		{1F1E12F9-9482-4CDD-8299-CDFD48209182}.Debug|x86.Build.0 = Debug|Any CPU
		{1F1E12F9-9482-4CDD-8299-CDFD48209182}.Release|Any CPU.ActiveCfg = Release|Any CPU
		{1F1E12F9-9482-4CDD-8299-CDFD48209182}.Release|Any CPU.Build.0 = Release|Any CPU
		{1F1E12F9-9482-4CDD-8299-CDFD48209182}.Release|Mixed Platforms.ActiveCfg = Release|Any CPU
		{1F1E12F9-9482-4CDD-8299-CDFD48209182}.Release|Mixed Platforms.Build.0 = Release|Any CPU
		{1F1E12F9-9482-4CDD-8299-CDFD48209182}.Release|x86.ActiveCfg = Release|Any CPU
		{1F1E12F9-9482-4CDD-8299-CDFD48209182}.Release|x86.Build.0 = Release|Any CPU
		{750BF9CE-9F98-489C-BF9E-98854839CC1C}.Debug|Any CPU.ActiveCfg = Debug|Any CPU
		{750BF9CE-9F98-489C-BF9E-98854839CC1C}.Debug|Any CPU.Build.0 = Debug|Any CPU
		{750BF9CE-9F98-489C-BF9E-98854839CC1C}.Debug|Mixed Platforms.ActiveCfg = Debug|Any CPU
		{750BF9CE-9F98-489C-BF9E-98854839CC1C}.Debug|Mixed Platforms.Build.0 = Debug|Any CPU
		{750BF9CE-9F98-489C-BF9E-98854839CC1C}.Debug|x86.ActiveCfg = Debug|Any CPU
		{750BF9CE-9F98-489C-BF9E-98854839CC1C}.Release|Any CPU.ActiveCfg = Release|Any CPU
		{750BF9CE-9F98-489C-BF9E-98854839CC1C}.Release|Any CPU.Build.0 = Release|Any CPU
		{750BF9CE-9F98-489C-BF9E-98854839CC1C}.Release|Mixed Platforms.ActiveCfg = Release|Any CPU
		{750BF9CE-9F98-489C-BF9E-98854839CC1C}.Release|Mixed Platforms.Build.0 = Release|Any CPU
		{750BF9CE-9F98-489C-BF9E-98854839CC1C}.Release|x86.ActiveCfg = Release|Any CPU
		{2E3136C1-CE1A-45CF-9D08-9648733C227E}.Debug|Any CPU.ActiveCfg = Debug|Any CPU
		{2E3136C1-CE1A-45CF-9D08-9648733C227E}.Debug|Any CPU.Build.0 = Debug|Any CPU
		{2E3136C1-CE1A-45CF-9D08-9648733C227E}.Debug|Mixed Platforms.ActiveCfg = Debug|Any CPU
		{2E3136C1-CE1A-45CF-9D08-9648733C227E}.Debug|Mixed Platforms.Build.0 = Debug|Any CPU
		{2E3136C1-CE1A-45CF-9D08-9648733C227E}.Debug|x86.ActiveCfg = Debug|Any CPU
		{2E3136C1-CE1A-45CF-9D08-9648733C227E}.Release|Any CPU.ActiveCfg = Release|Any CPU
		{2E3136C1-CE1A-45CF-9D08-9648733C227E}.Release|Any CPU.Build.0 = Release|Any CPU
		{2E3136C1-CE1A-45CF-9D08-9648733C227E}.Release|Mixed Platforms.ActiveCfg = Release|Any CPU
		{2E3136C1-CE1A-45CF-9D08-9648733C227E}.Release|Mixed Platforms.Build.0 = Release|Any CPU
		{2E3136C1-CE1A-45CF-9D08-9648733C227E}.Release|x86.ActiveCfg = Release|Any CPU
		{D907BD96-EAFD-481A-AB3C-5751CBE20FA3}.Debug|Any CPU.ActiveCfg = Debug|Any CPU
		{D907BD96-EAFD-481A-AB3C-5751CBE20FA3}.Debug|Any CPU.Build.0 = Debug|Any CPU
		{D907BD96-EAFD-481A-AB3C-5751CBE20FA3}.Debug|Mixed Platforms.ActiveCfg = Debug|Any CPU
		{D907BD96-EAFD-481A-AB3C-5751CBE20FA3}.Debug|Mixed Platforms.Build.0 = Debug|Any CPU
		{D907BD96-EAFD-481A-AB3C-5751CBE20FA3}.Debug|x86.ActiveCfg = Debug|Any CPU
		{D907BD96-EAFD-481A-AB3C-5751CBE20FA3}.Release|Any CPU.ActiveCfg = Release|Any CPU
		{D907BD96-EAFD-481A-AB3C-5751CBE20FA3}.Release|Any CPU.Build.0 = Release|Any CPU
		{D907BD96-EAFD-481A-AB3C-5751CBE20FA3}.Release|Mixed Platforms.ActiveCfg = Release|Any CPU
		{D907BD96-EAFD-481A-AB3C-5751CBE20FA3}.Release|Mixed Platforms.Build.0 = Release|Any CPU
		{D907BD96-EAFD-481A-AB3C-5751CBE20FA3}.Release|x86.ActiveCfg = Release|Any CPU
		{341EA97F-1FD7-4D16-BD83-9D1C871263F3}.Debug|Any CPU.ActiveCfg = Debug|Any CPU
		{341EA97F-1FD7-4D16-BD83-9D1C871263F3}.Debug|Any CPU.Build.0 = Debug|Any CPU
		{341EA97F-1FD7-4D16-BD83-9D1C871263F3}.Debug|Mixed Platforms.ActiveCfg = Debug|Any CPU
		{341EA97F-1FD7-4D16-BD83-9D1C871263F3}.Debug|Mixed Platforms.Build.0 = Debug|Any CPU
		{341EA97F-1FD7-4D16-BD83-9D1C871263F3}.Debug|x86.ActiveCfg = Debug|Any CPU
		{341EA97F-1FD7-4D16-BD83-9D1C871263F3}.Release|Any CPU.ActiveCfg = Release|Any CPU
		{341EA97F-1FD7-4D16-BD83-9D1C871263F3}.Release|Any CPU.Build.0 = Release|Any CPU
		{341EA97F-1FD7-4D16-BD83-9D1C871263F3}.Release|Mixed Platforms.ActiveCfg = Release|Any CPU
		{341EA97F-1FD7-4D16-BD83-9D1C871263F3}.Release|Mixed Platforms.Build.0 = Release|Any CPU
		{341EA97F-1FD7-4D16-BD83-9D1C871263F3}.Release|x86.ActiveCfg = Release|Any CPU
		{E99356C6-C7EA-4C86-829D-F6FFDB0240A5}.Debug|Any CPU.ActiveCfg = Debug|Any CPU
		{E99356C6-C7EA-4C86-829D-F6FFDB0240A5}.Debug|Any CPU.Build.0 = Debug|Any CPU
		{E99356C6-C7EA-4C86-829D-F6FFDB0240A5}.Debug|Mixed Platforms.ActiveCfg = Debug|Any CPU
		{E99356C6-C7EA-4C86-829D-F6FFDB0240A5}.Debug|Mixed Platforms.Build.0 = Debug|Any CPU
		{E99356C6-C7EA-4C86-829D-F6FFDB0240A5}.Debug|x86.ActiveCfg = Debug|Any CPU
		{E99356C6-C7EA-4C86-829D-F6FFDB0240A5}.Release|Any CPU.ActiveCfg = Release|Any CPU
		{E99356C6-C7EA-4C86-829D-F6FFDB0240A5}.Release|Any CPU.Build.0 = Release|Any CPU
		{E99356C6-C7EA-4C86-829D-F6FFDB0240A5}.Release|Mixed Platforms.ActiveCfg = Release|Any CPU
		{E99356C6-C7EA-4C86-829D-F6FFDB0240A5}.Release|Mixed Platforms.Build.0 = Release|Any CPU
		{E99356C6-C7EA-4C86-829D-F6FFDB0240A5}.Release|x86.ActiveCfg = Release|Any CPU
	EndGlobalSection
	GlobalSection(SolutionProperties) = preSolution
		HideSolutionNode = FALSE
	EndGlobalSection
	GlobalSection(NestedProjects) = preSolution
		{B58E5B14-86E2-4AF0-9358-3FFDCBDC634A} = {ED514989-D635-42FA-9DD6-9CF7194F96E9}
		{8CB651B0-1CE1-41AB-A1EA-B1B490FCA135} = {ED514989-D635-42FA-9DD6-9CF7194F96E9}
		{11267F83-8BA8-4157-B347-7BFDB28860F0} = {ED514989-D635-42FA-9DD6-9CF7194F96E9}
		{1F1E12F9-9482-4CDD-8299-CDFD48209182} = {ED514989-D635-42FA-9DD6-9CF7194F96E9}
		{750BF9CE-9F98-489C-BF9E-98854839CC1C} = {EE6221E1-32D6-4FA0-A991-4EE4D2C4F2DE}
		{2E3136C1-CE1A-45CF-9D08-9648733C227E} = {ED514989-D635-42FA-9DD6-9CF7194F96E9}
		{D907BD96-EAFD-481A-AB3C-5751CBE20FA3} = {D1624350-829E-4712-9C0C-1E218878D185}
		{341EA97F-1FD7-4D16-BD83-9D1C871263F3} = {EE6221E1-32D6-4FA0-A991-4EE4D2C4F2DE}
		{E99356C6-C7EA-4C86-829D-F6FFDB0240A5} = {D1624350-829E-4712-9C0C-1E218878D185}
	EndGlobalSection
EndGlobal
